
Microsoft Visual Studio Solution File, Format Version 12.00
# Visual Studio Version 16
VisualStudioVersion = 16.0.30114.105
MinimumVisualStudioVersion = 10.0.40219.1
Project("{FAE04EC0-301F-11D3-BF4B-00C04F79EFBC}") = "MVVM_SCS", "MVVM_modal_test\MVVM_SCS.csproj", "{3483130A-2C39-4EB8-A95C-E94FFA20F7C5}"
EndProject
Project("{9A19103F-16F7-4668-BE54-9A1E7A4F7556}") = "WpfXamlTest", "WpfXamlTest\WpfXamlTest.csproj", "{ADDBE8F2-B8F7-4872-80B2-CFD51F1F527B}"
EndProject
Project("{FAE04EC0-301F-11D3-BF4B-00C04F79EFBC}") = "WpfFaramework", "WpfFaramework\WpfFaramework.csproj", "{35C9D16A-F2C2-4E14-9199-2656CB58E654}"
EndProject
Project("{FAE04EC0-301F-11D3-BF4B-00C04F79EFBC}") = "SCS.WebServer", "SCS.WebServer\SCS.WebServer.csproj", "{C66D2D15-089C-4CC4-A5C3-40C03EFDB8A0}"
EndProject
Global
	GlobalSection(SolutionConfigurationPlatforms) = preSolution
		Debug|Any CPU = Debug|Any CPU
		Release|Any CPU = Release|Any CPU
	EndGlobalSection
	GlobalSection(ProjectConfigurationPlatforms) = postSolution
		{3483130A-2C39-4EB8-A95C-E94FFA20F7C5}.Debug|Any CPU.ActiveCfg = Debug|Any CPU
		{3483130A-2C39-4EB8-A95C-E94FFA20F7C5}.Debug|Any CPU.Build.0 = Debug|Any CPU
		{3483130A-2C39-4EB8-A95C-E94FFA20F7C5}.Release|Any CPU.ActiveCfg = Release|Any CPU
		{3483130A-2C39-4EB8-A95C-E94FFA20F7C5}.Release|Any CPU.Build.0 = Release|Any CPU
		{ADDBE8F2-B8F7-4872-80B2-CFD51F1F527B}.Debug|Any CPU.ActiveCfg = Debug|Any CPU
		{ADDBE8F2-B8F7-4872-80B2-CFD51F1F527B}.Debug|Any CPU.Build.0 = Debug|Any CPU
		{ADDBE8F2-B8F7-4872-80B2-CFD51F1F527B}.Release|Any CPU.ActiveCfg = Release|Any CPU
		{ADDBE8F2-B8F7-4872-80B2-CFD51F1F527B}.Release|Any CPU.Build.0 = Release|Any CPU
		{35C9D16A-F2C2-4E14-9199-2656CB58E654}.Debug|Any CPU.ActiveCfg = Debug|Any CPU
		{35C9D16A-F2C2-4E14-9199-2656CB58E654}.Debug|Any CPU.Build.0 = Debug|Any CPU
		{35C9D16A-F2C2-4E14-9199-2656CB58E654}.Release|Any CPU.ActiveCfg = Release|Any CPU
		{35C9D16A-F2C2-4E14-9199-2656CB58E654}.Release|Any CPU.Build.0 = Release|Any CPU
		{C66D2D15-089C-4CC4-A5C3-40C03EFDB8A0}.Debug|Any CPU.ActiveCfg = Debug|Any CPU
		{C66D2D15-089C-4CC4-A5C3-40C03EFDB8A0}.Debug|Any CPU.Build.0 = Debug|Any CPU
		{C66D2D15-089C-4CC4-A5C3-40C03EFDB8A0}.Release|Any CPU.ActiveCfg = Release|Any CPU
		{C66D2D15-089C-4CC4-A5C3-40C03EFDB8A0}.Release|Any CPU.Build.0 = Release|Any CPU
	EndGlobalSection
	GlobalSection(SolutionProperties) = preSolution
		HideSolutionNode = FALSE
	EndGlobalSection
	GlobalSection(ExtensibilityGlobals) = postSolution
		SolutionGuid = {9296F7BF-A47B-4BF7-ABC9-DD7C3CEAFCCA}
	EndGlobalSection
EndGlobal
